{
  "name": "@shapeshift-labs/loom",
  "version": "0.1.2",
  "lockfileVersion": 3,
  "requires": true,
  "packages": {
    "": {
      "name": "@shapeshift-labs/loom",
      "version": "0.1.2",
      "license": "MIT",
      "dependencies": {
        "@shapeshift-labs/frontier": "0.1.9",
        "@shapeshift-labs/frontier-lang": "0.4.66",
        "@shapeshift-labs/frontier-lang-cli": "0.3.40",
        "@shapeshift-labs/frontier-lang-compiler": "0.2.80",
        "@shapeshift-labs/frontier-swarm": "0.5.19",
        "@shapeshift-labs/frontier-swarm-codex": "0.5.83"
      },
      "bin": {
        "loom": "dist/cli.js"
      },
      "devDependencies": {
        "@types/node": "^25.9.1",
        "typescript": "^6.0.3"
      },
      "engines": {
        "node": ">=18"
      }
    },
    "node_modules/@shapeshift-labs/frontier": {
      "version": "0.1.9",
      "resolved": "https://registry.npmjs.org/@shapeshift-labs/frontier/-/frontier-0.1.9.tgz",
      "integrity": "sha512-uAPS5NL7Rfrq+w/9zDETcE7S4aHYvIFI+v7pt+z6eE2UwnFoYh8NxZKS1ueelZThqp7743JdvCzAarUoDn/SSA==",
      "license": "MIT",
      "engines": {
        "node": ">=18"
      }
    },
    "node_modules/@shapeshift-labs/frontier-lang": {
      "version": "0.4.66",
      "resolved": "https://registry.npmjs.org/@shapeshift-labs/frontier-lang/-/frontier-lang-0.4.66.tgz",
      "integrity": "sha512-dwFUE7ZZ5Nom4PMSFBDPH2vceOHTk3xstye4G/L0U/sZDf7YPUYhk/C7fzz87UglmI/54ccM6DFQSjkEtaNNVg==",
      "license": "MIT",
      "dependencies": {
        "@shapeshift-labs/frontier-lang-c": "0.2.9",
        "@shapeshift-labs/frontier-lang-checker": "0.3.8",
        "@shapeshift-labs/frontier-lang-clang": "0.1.17",
        "@shapeshift-labs/frontier-lang-compiler": "0.2.80",
        "@shapeshift-labs/frontier-lang-csharp": "0.1.17",
        "@shapeshift-labs/frontier-lang-go": "0.1.17",
        "@shapeshift-labs/frontier-lang-java": "0.1.17",
        "@shapeshift-labs/frontier-lang-javascript": "0.2.9",
        "@shapeshift-labs/frontier-lang-kernel": "0.3.12",
        "@shapeshift-labs/frontier-lang-kotlin": "0.1.17",
        "@shapeshift-labs/frontier-lang-parser": "0.3.8",
        "@shapeshift-labs/frontier-lang-python": "0.2.9",
        "@shapeshift-labs/frontier-lang-rust": "0.2.9",
        "@shapeshift-labs/frontier-lang-swift": "0.1.17",
        "@shapeshift-labs/frontier-lang-typescript": "0.3.9"
      }
    },
    "node_modules/@shapeshift-labs/frontier-lang-c": {
      "version": "0.2.9",
      "resolved": "https://registry.npmjs.org/@shapeshift-labs/frontier-lang-c/-/frontier-lang-c-0.2.9.tgz",
      "integrity": "sha512-AlgY5fQQSFiY0Uvo6AZCblSIlnLjR8YsKKd4wztQmckUDBuI//fPCBNa6liT8rFA/96eCRc9+50zcFCPwOdL8w==",
      "license": "MIT",
      "dependencies": {
        "@shapeshift-labs/frontier-lang-kernel": "0.3.12"
      }
    },
    "node_modules/@shapeshift-labs/frontier-lang-checker": {
      "version": "0.3.8",
      "resolved": "https://registry.npmjs.org/@shapeshift-labs/frontier-lang-checker/-/frontier-lang-checker-0.3.8.tgz",
      "integrity": "sha512-wEYlHAENsp9LvxfZzRckoTcsUU6A2cs/rFhD3A3dgn6S5cb0x62wxmyakO5QyMISkAdIUu64sSoJsSHCqzTjEQ==",
      "license": "MIT",
      "dependencies": {
        "@shapeshift-labs/frontier-lang-kernel": "0.3.12"
      }
    },
    "node_modules/@shapeshift-labs/frontier-lang-clang": {
      "version": "0.1.17",
      "resolved": "https://registry.npmjs.org/@shapeshift-labs/frontier-lang-clang/-/frontier-lang-clang-0.1.17.tgz",
      "integrity": "sha512-d9FjIBm2qa0Ix41ct4Wa6ZZrbBL8SgWu6XXfCpwnY7Er2KgLssX9B8qoqXenlmP4gSA2hWuy2r4hoSt9X1qKEg==",
      "license": "MIT",
      "dependencies": {
        "@shapeshift-labs/frontier-lang-compiler": "0.2.76"
      }
    },
    "node_modules/@shapeshift-labs/frontier-lang-clang/node_modules/@shapeshift-labs/frontier-lang-compiler": {
      "version": "0.2.76",
      "resolved": "https://registry.npmjs.org/@shapeshift-labs/frontier-lang-compiler/-/frontier-lang-compiler-0.2.76.tgz",
      "integrity": "sha512-7tQ3i+e4G43pxIEw7AQdxF9tsXn1UQT4lClbD7cYCOVGrR00aZ1ulTbQvBbs7ryUTHQuQLdqfXYXjNADCzrr2w==",
      "license": "MIT",
      "dependencies": {
        "@shapeshift-labs/frontier-lang-c": "0.2.9",
        "@shapeshift-labs/frontier-lang-checker": "0.3.8",
        "@shapeshift-labs/frontier-lang-javascript": "0.2.9",
        "@shapeshift-labs/frontier-lang-kernel": "0.3.12",
        "@shapeshift-labs/frontier-lang-parser": "0.3.8",
        "@shapeshift-labs/frontier-lang-python": "0.2.9",
        "@shapeshift-labs/frontier-lang-rust": "0.2.9",
        "@shapeshift-labs/frontier-lang-typescript": "0.3.9"
      }
    },
    "node_modules/@shapeshift-labs/frontier-lang-cli": {
      "version": "0.3.40",
      "resolved": "https://registry.npmjs.org/@shapeshift-labs/frontier-lang-cli/-/frontier-lang-cli-0.3.40.tgz",
      "integrity": "sha512-IYQPxa01yjkgNY0xx/OFFufoTqpikU0VhltA31o+d9/4dYE24I4oq38gGCP4MgGv16hsuJXmhoL4g9djuCnvtw==",
      "license": "MIT",
      "dependencies": {
        "@shapeshift-labs/frontier-lang-checker": "0.3.8",
        "@shapeshift-labs/frontier-lang-compiler": "0.2.77",
        "@shapeshift-labs/frontier-lang-kernel": "0.3.12",
        "@shapeshift-labs/frontier-lang-parser": "0.3.8"
      },
      "bin": {
        "frontier-lang": "dist/index.js"
      }
    },
    "node_modules/@shapeshift-labs/frontier-lang-cli/node_modules/@shapeshift-labs/frontier-lang-compiler": {
      "version": "0.2.77",
      "resolved": "https://registry.npmjs.org/@shapeshift-labs/frontier-lang-compiler/-/frontier-lang-compiler-0.2.77.tgz",
      "integrity": "sha512-JyH13qiSPNv7mp69Wf7XfJa7Pp7lQF0eH/LqQdUbENIq3zd+Hrje4oc16Fn4OPDYZtn6eQq5rEgb4EEGmTwk2A==",
      "license": "MIT",
      "dependencies": {
        "@shapeshift-labs/frontier-lang-c": "0.2.9",
        "@shapeshift-labs/frontier-lang-checker": "0.3.8",
        "@shapeshift-labs/frontier-lang-javascript": "0.2.9",
        "@shapeshift-labs/frontier-lang-kernel": "0.3.12",
        "@shapeshift-labs/frontier-lang-parser": "0.3.8",
        "@shapeshift-labs/frontier-lang-python": "0.2.9",
        "@shapeshift-labs/frontier-lang-rust": "0.2.9",
        "@shapeshift-labs/frontier-lang-typescript": "0.3.9"
      }
    },
    "node_modules/@shapeshift-labs/frontier-lang-compiler": {
      "version": "0.2.80",
      "resolved": "https://registry.npmjs.org/@shapeshift-labs/frontier-lang-compiler/-/frontier-lang-compiler-0.2.80.tgz",
      "integrity": "sha512-HKxxPxEZsDCS3Ber3nnlzUV+N9rrpHOpoBHd3NotC1Pdpxc7EKuRtyAJCcoFNwPCBNHS3K/1eQsUEQTOQh/A+w==",
      "license": "MIT",
      "dependencies": {
        "@shapeshift-labs/frontier-lang-c": "0.2.9",
        "@shapeshift-labs/frontier-lang-checker": "0.3.8",
        "@shapeshift-labs/frontier-lang-javascript": "0.2.9",
        "@shapeshift-labs/frontier-lang-kernel": "0.3.12",
        "@shapeshift-labs/frontier-lang-parser": "0.3.8",
        "@shapeshift-labs/frontier-lang-python": "0.2.9",
        "@shapeshift-labs/frontier-lang-rust": "0.2.9",
        "@shapeshift-labs/frontier-lang-typescript": "0.3.9"
      }
    },
    "node_modules/@shapeshift-labs/frontier-lang-csharp": {
      "version": "0.1.17",
      "resolved": "https://registry.npmjs.org/@shapeshift-labs/frontier-lang-csharp/-/frontier-lang-csharp-0.1.17.tgz",
      "integrity": "sha512-zOi6ZFEu5OF48TZd2+X3K+O06j4jejiWH/8DsZ+CHBWMc/6gqkufgNzQgwENsjHrH7xJSF+V7Owzxm1GyvPBdw==",
      "license": "MIT",
      "dependencies": {
        "@shapeshift-labs/frontier-lang-compiler": "0.2.76"
      }
    },
    "node_modules/@shapeshift-labs/frontier-lang-csharp/node_modules/@shapeshift-labs/frontier-lang-compiler": {
      "version": "0.2.76",
      "resolved": "https://registry.npmjs.org/@shapeshift-labs/frontier-lang-compiler/-/frontier-lang-compiler-0.2.76.tgz",
      "integrity": "sha512-7tQ3i+e4G43pxIEw7AQdxF9tsXn1UQT4lClbD7cYCOVGrR00aZ1ulTbQvBbs7ryUTHQuQLdqfXYXjNADCzrr2w==",
      "license": "MIT",
      "dependencies": {
        "@shapeshift-labs/frontier-lang-c": "0.2.9",
        "@shapeshift-labs/frontier-lang-checker": "0.3.8",
        "@shapeshift-labs/frontier-lang-javascript": "0.2.9",
        "@shapeshift-labs/frontier-lang-kernel": "0.3.12",
        "@shapeshift-labs/frontier-lang-parser": "0.3.8",
        "@shapeshift-labs/frontier-lang-python": "0.2.9",
        "@shapeshift-labs/frontier-lang-rust": "0.2.9",
        "@shapeshift-labs/frontier-lang-typescript": "0.3.9"
      }
    },
    "node_modules/@shapeshift-labs/frontier-lang-go": {
      "version": "0.1.17",
      "resolved": "https://registry.npmjs.org/@shapeshift-labs/frontier-lang-go/-/frontier-lang-go-0.1.17.tgz",
      "integrity": "sha512-Zw+z6fTVUCqaj3flYB3gPcTY7vgzsTpVrCnZu95nYbJhSWmC0Njgu37ToYGH7rAZWNUEQago8qNRcAnNpFvxHw==",
      "license": "MIT",
      "dependencies": {
        "@shapeshift-labs/frontier-lang-compiler": "0.2.76"
      }
    },
    "node_modules/@shapeshift-labs/frontier-lang-go/node_modules/@shapeshift-labs/frontier-lang-compiler": {
      "version": "0.2.76",
      "resolved": "https://registry.npmjs.org/@shapeshift-labs/frontier-lang-compiler/-/frontier-lang-compiler-0.2.76.tgz",
      "integrity": "sha512-7tQ3i+e4G43pxIEw7AQdxF9tsXn1UQT4lClbD7cYCOVGrR00aZ1ulTbQvBbs7ryUTHQuQLdqfXYXjNADCzrr2w==",
      "license": "MIT",
      "dependencies": {
        "@shapeshift-labs/frontier-lang-c": "0.2.9",
        "@shapeshift-labs/frontier-lang-checker": "0.3.8",
        "@shapeshift-labs/frontier-lang-javascript": "0.2.9",
        "@shapeshift-labs/frontier-lang-kernel": "0.3.12",
        "@shapeshift-labs/frontier-lang-parser": "0.3.8",
        "@shapeshift-labs/frontier-lang-python": "0.2.9",
        "@shapeshift-labs/frontier-lang-rust": "0.2.9",
        "@shapeshift-labs/frontier-lang-typescript": "0.3.9"
      }
    },
    "node_modules/@shapeshift-labs/frontier-lang-java": {
      "version": "0.1.17",
      "resolved": "https://registry.npmjs.org/@shapeshift-labs/frontier-lang-java/-/frontier-lang-java-0.1.17.tgz",
      "integrity": "sha512-SBAJlRxcDuktYK8t5LMj4tRlwmSBDMDE2mAkDo21f9vIAXo/5GxBwxhPnYmNzJbJ3FqxtJLqrUlFOa6MvA5dRg==",
      "license": "MIT",
      "dependencies": {
        "@shapeshift-labs/frontier-lang-compiler": "0.2.76"
      }
    },
    "node_modules/@shapeshift-labs/frontier-lang-java/node_modules/@shapeshift-labs/frontier-lang-compiler": {
      "version": "0.2.76",
      "resolved": "https://registry.npmjs.org/@shapeshift-labs/frontier-lang-compiler/-/frontier-lang-compiler-0.2.76.tgz",
      "integrity": "sha512-7tQ3i+e4G43pxIEw7AQdxF9tsXn1UQT4lClbD7cYCOVGrR00aZ1ulTbQvBbs7ryUTHQuQLdqfXYXjNADCzrr2w==",
      "license": "MIT",
      "dependencies": {
        "@shapeshift-labs/frontier-lang-c": "0.2.9",
        "@shapeshift-labs/frontier-lang-checker": "0.3.8",
        "@shapeshift-labs/frontier-lang-javascript": "0.2.9",
        "@shapeshift-labs/frontier-lang-kernel": "0.3.12",
        "@shapeshift-labs/frontier-lang-parser": "0.3.8",
        "@shapeshift-labs/frontier-lang-python": "0.2.9",
        "@shapeshift-labs/frontier-lang-rust": "0.2.9",
        "@shapeshift-labs/frontier-lang-typescript": "0.3.9"
      }
    },
    "node_modules/@shapeshift-labs/frontier-lang-javascript": {
      "version": "0.2.9",
      "resolved": "https://registry.npmjs.org/@shapeshift-labs/frontier-lang-javascript/-/frontier-lang-javascript-0.2.9.tgz",
      "integrity": "sha512-RyLDdy+IwZ/OHzggHZT2zkAajfeSa1EX9rkrVpCJXVjXx4Vhi3rtMM4fLCFMhuZDAcl4L4ctzoBlMTsNfUZ4kw==",
      "license": "MIT",
      "dependencies": {
        "@shapeshift-labs/frontier-lang-kernel": "0.3.12"
      }
    },
    "node_modules/@shapeshift-labs/frontier-lang-kernel": {
      "version": "0.3.12",
      "resolved": "https://registry.npmjs.org/@shapeshift-labs/frontier-lang-kernel/-/frontier-lang-kernel-0.3.12.tgz",
      "integrity": "sha512-A7qFH4A5ywTOsnyL4NwZC9ipZIV/YLTewOASmkc7vmoXgNn9k0/CTrq4wFMaCPTBSk38R4PP2a24qjL/wVGibw==",
      "license": "MIT"
    },
    "node_modules/@shapeshift-labs/frontier-lang-kotlin": {
      "version": "0.1.17",
      "resolved": "https://registry.npmjs.org/@shapeshift-labs/frontier-lang-kotlin/-/frontier-lang-kotlin-0.1.17.tgz",
      "integrity": "sha512-Sk4KVsTMwy3qdezIU3iNzy0YM6xWc2+jLAAoALgnCPYcwSgp0LBtIW+03IkBWYjXh3QZwD/S+skoB/HzVQ5Buw==",
      "license": "MIT",
      "dependencies": {
        "@shapeshift-labs/frontier-lang-compiler": "0.2.76"
      }
    },
    "node_modules/@shapeshift-labs/frontier-lang-kotlin/node_modules/@shapeshift-labs/frontier-lang-compiler": {
      "version": "0.2.76",
      "resolved": "https://registry.npmjs.org/@shapeshift-labs/frontier-lang-compiler/-/frontier-lang-compiler-0.2.76.tgz",
      "integrity": "sha512-7tQ3i+e4G43pxIEw7AQdxF9tsXn1UQT4lClbD7cYCOVGrR00aZ1ulTbQvBbs7ryUTHQuQLdqfXYXjNADCzrr2w==",
      "license": "MIT",
      "dependencies": {
        "@shapeshift-labs/frontier-lang-c": "0.2.9",
        "@shapeshift-labs/frontier-lang-checker": "0.3.8",
        "@shapeshift-labs/frontier-lang-javascript": "0.2.9",
        "@shapeshift-labs/frontier-lang-kernel": "0.3.12",
        "@shapeshift-labs/frontier-lang-parser": "0.3.8",
        "@shapeshift-labs/frontier-lang-python": "0.2.9",
        "@shapeshift-labs/frontier-lang-rust": "0.2.9",
        "@shapeshift-labs/frontier-lang-typescript": "0.3.9"
      }
    },
    "node_modules/@shapeshift-labs/frontier-lang-parser": {
      "version": "0.3.8",
      "resolved": "https://registry.npmjs.org/@shapeshift-labs/frontier-lang-parser/-/frontier-lang-parser-0.3.8.tgz",
      "integrity": "sha512-Y15ToBhFLdVFmahv6kUyjyxxBkCWnuk11p7Cq+fIwrb7+2lkUW3hcog4AZK9I2vwIA0WaMzeuolNZevNp1WBSw==",
      "license": "MIT",
      "dependencies": {
        "@shapeshift-labs/frontier-lang-kernel": "0.3.12"
      }
    },
    "node_modules/@shapeshift-labs/frontier-lang-python": {
      "version": "0.2.9",
      "resolved": "https://registry.npmjs.org/@shapeshift-labs/frontier-lang-python/-/frontier-lang-python-0.2.9.tgz",
      "integrity": "sha512-1iVsH4OBg/HovchsCsaK+pzpl8vMPQT4oBx+96HB6lVfq6qmsGM9HoP5ymbOp7W/LI3P67RHZJPjIjpSNBXwgQ==",
      "license": "MIT",
      "dependencies": {
        "@shapeshift-labs/frontier-lang-kernel": "0.3.12"
      }
    },
    "node_modules/@shapeshift-labs/frontier-lang-rust": {
      "version": "0.2.9",
      "resolved": "https://registry.npmjs.org/@shapeshift-labs/frontier-lang-rust/-/frontier-lang-rust-0.2.9.tgz",
      "integrity": "sha512-ZQtg7dVTT3PVdPEUeWJn8ouod1A934671d2uEo6BTx0Bn2mkU3g1Uszw6II/KvcyfN8vJZPbRYF3jre+a3Q/4Q==",
      "license": "MIT",
      "dependencies": {
        "@shapeshift-labs/frontier-lang-kernel": "0.3.12"
      }
    },
    "node_modules/@shapeshift-labs/frontier-lang-swift": {
      "version": "0.1.17",
      "resolved": "https://registry.npmjs.org/@shapeshift-labs/frontier-lang-swift/-/frontier-lang-swift-0.1.17.tgz",
      "integrity": "sha512-4qPHfPHN1rIysV3qY6PR6RdQDM0gwqtlnBzGSwG3WlOrnOQp9Xn/8BWdufuDfKo6ShQjrCtVTW0QnzK4TlDbqw==",
      "license": "MIT",
      "dependencies": {
        "@shapeshift-labs/frontier-lang-compiler": "0.2.76"
      }
    },
    "node_modules/@shapeshift-labs/frontier-lang-swift/node_modules/@shapeshift-labs/frontier-lang-compiler": {
      "version": "0.2.76",
      "resolved": "https://registry.npmjs.org/@shapeshift-labs/frontier-lang-compiler/-/frontier-lang-compiler-0.2.76.tgz",
      "integrity": "sha512-7tQ3i+e4G43pxIEw7AQdxF9tsXn1UQT4lClbD7cYCOVGrR00aZ1ulTbQvBbs7ryUTHQuQLdqfXYXjNADCzrr2w==",
      "license": "MIT",
      "dependencies": {
        "@shapeshift-labs/frontier-lang-c": "0.2.9",
        "@shapeshift-labs/frontier-lang-checker": "0.3.8",
        "@shapeshift-labs/frontier-lang-javascript": "0.2.9",
        "@shapeshift-labs/frontier-lang-kernel": "0.3.12",
        "@shapeshift-labs/frontier-lang-parser": "0.3.8",
        "@shapeshift-labs/frontier-lang-python": "0.2.9",
        "@shapeshift-labs/frontier-lang-rust": "0.2.9",
        "@shapeshift-labs/frontier-lang-typescript": "0.3.9"
      }
    },
    "node_modules/@shapeshift-labs/frontier-lang-typescript": {
      "version": "0.3.9",
      "resolved": "https://registry.npmjs.org/@shapeshift-labs/frontier-lang-typescript/-/frontier-lang-typescript-0.3.9.tgz",
      "integrity": "sha512-Sv5sH+rpPYOFZ3olqM++7BQj7xNOb54JetvDC99km4nod+0W1O2iwALd+Zs/HbqegZdRjYp56QRwZF63SMnBlw==",
      "license": "MIT",
      "dependencies": {
        "@shapeshift-labs/frontier-lang-kernel": "0.3.12"
      }
    },
    "node_modules/@shapeshift-labs/frontier-swarm": {
      "version": "0.5.19",
      "resolved": "https://registry.npmjs.org/@shapeshift-labs/frontier-swarm/-/frontier-swarm-0.5.19.tgz",
      "integrity": "sha512-aidBaG1xIJCvMUCuywsfeCMNejylMEu7Ug3ybdYwbJAfUQ26vcOpbIyx9L29WAoF6Is0e0H1XIegBVd378A3jQ==",
      "license": "MIT",
      "dependencies": {
        "@shapeshift-labs/frontier": "0.1.9"
      },
      "engines": {
        "node": ">=18"
      }
    },
    "node_modules/@shapeshift-labs/frontier-swarm-codex": {
      "version": "0.5.83",
      "resolved": "https://registry.npmjs.org/@shapeshift-labs/frontier-swarm-codex/-/frontier-swarm-codex-0.5.83.tgz",
      "integrity": "sha512-SQJ2Ocvcw5BKAdYuubRzFb5hFbOvSsXFpwp2eWKBxad1eHGHLCB7DhnErWe3jpLz6h7VJjQ292HhLXkNkhiL/g==",
      "license": "MIT",
      "dependencies": {
        "@shapeshift-labs/frontier-swarm": "0.5.19"
      },
      "bin": {
        "frontier-swarm": "dist/cli.js",
        "frontier-swarm-codex": "dist/cli.js"
      },
      "engines": {
        "node": ">=18"
      },
      "optionalDependencies": {
        "@shapeshift-labs/frontier-lang": "0.4.66"
      }
    },
    "node_modules/@types/node": {
      "version": "25.9.2",
      "resolved": "https://registry.npmjs.org/@types/node/-/node-25.9.2.tgz",
      "integrity": "sha512-G05zqtJhcDLb8uslf5EjCxXg9G1KQxiV8OS0R26IC//Eoyitzqe8z37I7cqvnZlrlSfgocQRfSn/AHBZJJFyGw==",
      "dev": true,
      "license": "MIT",
      "dependencies": {
        "undici-types": ">=7.24.0 <7.24.7"
      }
    },
    "node_modules/typescript": {
      "version": "6.0.3",
      "resolved": "https://registry.npmjs.org/typescript/-/typescript-6.0.3.tgz",
      "integrity": "sha512-y2TvuxSZPDyQakkFRPZHKFm+KKVqIisdg9/CZwm9ftvKXLP8NRWj38/ODjNbr43SsoXqNuAisEf1GdCxqWcdBw==",
      "dev": true,
      "license": "Apache-2.0",
      "bin": {
        "tsc": "bin/tsc",
        "tsserver": "bin/tsserver"
      },
      "engines": {
        "node": ">=14.17"
      }
    },
    "node_modules/undici-types": {
      "version": "7.24.6",
      "resolved": "https://registry.npmjs.org/undici-types/-/undici-types-7.24.6.tgz",
      "integrity": "sha512-WRNW+sJgj5OBN4/0JpHFqtqzhpbnV0GuB+OozA9gCL7a993SmU+1JBZCzLNxYsbMfIeDL+lTsphD5jN5N+n0zg==",
      "dev": true,
      "license": "MIT"
    }
  }
}
